// !$*UTF8*$!
{
	archiveVersion = 1;
	classes = {
	};
	objectVersion = 46;
	objects = {

/* Begin PBXBuildFile section */
		51491B161D0F168000E7E70D /* MoodController.swift in Sources */ = {isa = PBXBuildFile; fileRef = 51491B151D0F168000E7E70D /* MoodController.swift */; };
		516DD2751D200C2F00072F7E /* ProductListController.swift in Sources */ = {isa = PBXBuildFile; fileRef = 516DD2741D200C2F00072F7E /* ProductListController.swift */; };
		516DD2771D200CC000072F7E /* DetailProductController.swift in Sources */ = {isa = PBXBuildFile; fileRef = 516DD2761D200CC000072F7E /* DetailProductController.swift */; };
		516DD2791D200CED00072F7E /* AboutController.swift in Sources */ = {isa = PBXBuildFile; fileRef = 516DD2781D200CED00072F7E /* AboutController.swift */; };
		516DD27B1D2016DB00072F7E /* ShoppingListController.swift in Sources */ = {isa = PBXBuildFile; fileRef = 516DD27A1D2016DB00072F7E /* ShoppingListController.swift */; };
		51C16D701D0DC70600F8CDBA /* AppDelegate.swift in Sources */ = {isa = PBXBuildFile; fileRef = 51C16D6F1D0DC70600F8CDBA /* AppDelegate.swift */; };
		51C16D721D0DC70600F8CDBA /* MeController.swift in Sources */ = {isa = PBXBuildFile; fileRef = 51C16D711D0DC70600F8CDBA /* MeController.swift */; };
		51C16D751D0DC70600F8CDBA /* Main.storyboard in Resources */ = {isa = PBXBuildFile; fileRef = 51C16D731D0DC70600F8CDBA /* Main.storyboard */; };
		51C16D771D0DC70600F8CDBA /* Assets.xcassets in Resources */ = {isa = PBXBuildFile; fileRef = 51C16D761D0DC70600F8CDBA /* Assets.xcassets */; };
		51C16D7A1D0DC70600F8CDBA /* LaunchScreen.storyboard in Resources */ = {isa = PBXBuildFile; fileRef = 51C16D781D0DC70600F8CDBA /* LaunchScreen.storyboard */; };
		51C16D851D0DC70600F8CDBA /* StyleShakerTests.swift in Sources */ = {isa = PBXBuildFile; fileRef = 51C16D841D0DC70600F8CDBA /* StyleShakerTests.swift */; };
		51C16D901D0DC70600F8CDBA /* StyleShakerUITests.swift in Sources */ = {isa = PBXBuildFile; fileRef = 51C16D8F1D0DC70600F8CDBA /* StyleShakerUITests.swift */; };
/* End PBXBuildFile section */

/* Begin PBXContainerItemProxy section */
		51C16D811D0DC70600F8CDBA /* PBXContainerItemProxy */ = {
			isa = PBXContainerItemProxy;
			containerPortal = 51C16D641D0DC70500F8CDBA /* Project object */;
			proxyType = 1;
			remoteGlobalIDString = 51C16D6B1D0DC70500F8CDBA;
			remoteInfo = StyleShaker;
		};
		51C16D8C1D0DC70600F8CDBA /* PBXContainerItemProxy */ = {
			isa = PBXContainerItemProxy;
			containerPortal = 51C16D641D0DC70500F8CDBA /* Project object */;
			proxyType = 1;
			remoteGlobalIDString = 51C16D6B1D0DC70500F8CDBA;
			remoteInfo = StyleShaker;
		};
/* End PBXContainerItemProxy section */

/* Begin PBXFileReference section */
		51491B151D0F168000E7E70D /* MoodController.swift */ = {isa = PBXFileReference; fileEncoding = 4; lastKnownFileType = sourcecode.swift; path = MoodController.swift; sourceTree = "<group>"; };
		516DD2741D200C2F00072F7E /* ProductListController.swift */ = {isa = PBXFileReference; fileEncoding = 4; lastKnownFileType = sourcecode.swift; path = ProductListController.swift; sourceTree = "<group>"; };
		516DD2761D200CC000072F7E /* DetailProductController.swift */ = {isa = PBXFileReference; fileEncoding = 4; lastKnownFileType = sourcecode.swift; path = DetailProductController.swift; sourceTree = "<group>"; };
		516DD2781D200CED00072F7E /* AboutController.swift */ = {isa = PBXFileReference; fileEncoding = 4; lastKnownFileType = sourcecode.swift; path = AboutController.swift; sourceTree = "<group>"; };
		516DD27A1D2016DB00072F7E /* ShoppingListController.swift */ = {isa = PBXFileReference; fileEncoding = 4; lastKnownFileType = sourcecode.swift; path = ShoppingListController.swift; sourceTree = "<group>"; };
		51C16D6C1D0DC70600F8CDBA /* StyleShaker.app */ = {isa = PBXFileReference; explicitFileType = wrapper.application; includeInIndex = 0; path = StyleShaker.app; sourceTree = BUILT_PRODUCTS_DIR; };
		51C16D6F1D0DC70600F8CDBA /* AppDelegate.swift */ = {isa = PBXFileReference; lastKnownFileType = sourcecode.swift; path = AppDelegate.swift; sourceTree = "<group>"; };
		51C16D711D0DC70600F8CDBA /* MeController.swift */ = {isa = PBXFileReference; lastKnownFileType = sourcecode.swift; path = MeController.swift; sourceTree = "<group>"; };
		51C16D741D0DC70600F8CDBA /* Base */ = {isa = PBXFileReference; lastKnownFileType = file.storyboard; name = Base; path = Base.lproj/Main.storyboard; sourceTree = "<group>"; };
		51C16D761D0DC70600F8CDBA /* Assets.xcassets */ = {isa = PBXFileReference; lastKnownFileType = folder.assetcatalog; path = Assets.xcassets; sourceTree = "<group>"; };
		51C16D791D0DC70600F8CDBA /* Base */ = {isa = PBXFileReference; lastKnownFileType = file.storyboard; name = Base; path = Base.lproj/LaunchScreen.storyboard; sourceTree = "<group>"; };
		51C16D7B1D0DC70600F8CDBA /* Info.plist */ = {isa = PBXFileReference; lastKnownFileType = text.plist.xml; path = Info.plist; sourceTree = "<group>"; };
		51C16D801D0DC70600F8CDBA /* StyleShakerTests.xctest */ = {isa = PBXFileReference; explicitFileType = wrapper.cfbundle; includeInIndex = 0; path = StyleShakerTests.xctest; sourceTree = BUILT_PRODUCTS_DIR; };
		51C16D841D0DC70600F8CDBA /* StyleShakerTests.swift */ = {isa = PBXFileReference; lastKnownFileType = sourcecode.swift; path = StyleShakerTests.swift; sourceTree = "<group>"; };
		51C16D861D0DC70600F8CDBA /* Info.plist */ = {isa = PBXFileReference; lastKnownFileType = text.plist.xml; path = Info.plist; sourceTree = "<group>"; };
		51C16D8B1D0DC70600F8CDBA /* StyleShakerUITests.xctest */ = {isa = PBXFileReference; explicitFileType = wrapper.cfbundle; includeInIndex = 0; path = StyleShakerUITests.xctest; sourceTree = BUILT_PRODUCTS_DIR; };
		51C16D8F1D0DC70600F8CDBA /* StyleShakerUITests.swift */ = {isa = PBXFileReference; lastKnownFileType = sourcecode.swift; path = StyleShakerUITests.swift; sourceTree = "<group>"; };
		51C16D911D0DC70700F8CDBA /* Info.plist */ = {isa = PBXFileReference; lastKnownFileType = text.plist.xml; path = Info.plist; sourceTree = "<group>"; };
/* End PBXFileReference section */

/* Begin PBXFrameworksBuildPhase section */
		51C16D691D0DC70500F8CDBA /* Frameworks */ = {
			isa = PBXFrameworksBuildPhase;
			buildActionMask = 2147483647;
			files = (
			);
			runOnlyForDeploymentPostprocessing = 0;
		};
		51C16D7D1D0DC70600F8CDBA /* Frameworks */ = {
			isa = PBXFrameworksBuildPhase;
			buildActionMask = 2147483647;
			files = (
			);
			runOnlyForDeploymentPostprocessing = 0;
		};
		51C16D881D0DC70600F8CDBA /* Frameworks */ = {
			isa = PBXFrameworksBuildPhase;
			buildActionMask = 2147483647;
			files = (
			);
			runOnlyForDeploymentPostprocessing = 0;
		};
/* End PBXFrameworksBuildPhase section */

/* Begin PBXGroup section */
		51C16D631D0DC70500F8CDBA = {
			isa = PBXGroup;
			children = (
				51C16D6E1D0DC70600F8CDBA /* StyleShaker */,
				51C16D831D0DC70600F8CDBA /* StyleShakerTests */,
				51C16D8E1D0DC70600F8CDBA /* StyleShakerUITests */,
				51C16D6D1D0DC70600F8CDBA /* Products */,
			);
			sourceTree = "<group>";
		};
		51C16D6D1D0DC70600F8CDBA /* Products */ = {
			isa = PBXGroup;
			children = (
				51C16D6C1D0DC70600F8CDBA /* StyleShaker.app */,
				51C16D801D0DC70600F8CDBA /* StyleShakerTests.xctest */,
				51C16D8B1D0DC70600F8CDBA /* StyleShakerUITests.xctest */,
			);
			name = Products;
			sourceTree = "<group>";
		};
		51C16D6E1D0DC70600F8CDBA /* StyleShaker */ = {
			isa = PBXGroup;
			children = (
				51C16D6F1D0DC70600F8CDBA /* AppDelegate.swift */,
				51C16D711D0DC70600F8CDBA /* MeController.swift */,
				51C16D731D0DC70600F8CDBA /* Main.storyboard */,
				51C16D761D0DC70600F8CDBA /* Assets.xcassets */,
				51C16D781D0DC70600F8CDBA /* LaunchScreen.storyboard */,
				51C16D7B1D0DC70600F8CDBA /* Info.plist */,
				51491B151D0F168000E7E70D /* MoodController.swift */,
				516DD2741D200C2F00072F7E /* ProductListController.swift */,
				516DD2761D200CC000072F7E /* DetailProductController.swift */,
				516DD2781D200CED00072F7E /* AboutController.swift */,
				516DD27A1D2016DB00072F7E /* ShoppingListController.swift */,
			);
			path = StyleShaker;
			sourceTree = "<group>";
		};
		51C16D831D0DC70600F8CDBA /* StyleShakerTests */ = {
			isa = PBXGroup;
			children = (
				51C16D841D0DC70600F8CDBA /* StyleShakerTests.swift */,
				51C16D861D0DC70600F8CDBA /* Info.plist */,
			);
			path = StyleShakerTests;
			sourceTree = "<group>";
		};
		51C16D8E1D0DC70600F8CDBA /* StyleShakerUITests */ = {
			isa = PBXGroup;
			children = (
				51C16D8F1D0DC70600F8CDBA /* StyleShakerUITests.swift */,
				51C16D911D0DC70700F8CDBA /* Info.plist */,
			);
			path = StyleShakerUITests;
			sourceTree = "<group>";
		};
/* End PBXGroup section */

/* Begin PBXNativeTarget section */
		51C16D6B1D0DC70500F8CDBA /* StyleShaker */ = {
			isa = PBXNativeTarget;
			buildConfigurationList = 51C16D941D0DC70700F8CDBA /* Build configuration list for PBXNativeTarget "StyleShaker" */;
			buildPhases = (
				51C16D681D0DC70500F8CDBA /* Sources */,
				51C16D691D0DC70500F8CDBA /* Frameworks */,
				51C16D6A1D0DC70500F8CDBA /* Resources */,
			);
			buildRules = (
			);
			dependencies = (
			);
			name = StyleShaker;
			productName = StyleShaker;
			productReference = 51C16D6C1D0DC70600F8CDBA /* StyleShaker.app */;
			productType = "com.apple.product-type.application";
		};
		51C16D7F1D0DC70600F8CDBA /* StyleShakerTests */ = {
			isa = PBXNativeTarget;
			buildConfigurationList = 51C16D971D0DC70700F8CDBA /* Build configuration list for PBXNativeTarget "StyleShakerTests" */;
			buildPhases = (
				51C16D7C1D0DC70600F8CDBA /* Sources */,
				51C16D7D1D0DC70600F8CDBA /* Frameworks */,
				51C16D7E1D0DC70600F8CDBA /* Resources */,
			);
			buildRules = (
			);
			dependencies = (
				51C16D821D0DC70600F8CDBA /* PBXTargetDependency */,
			);
			name = StyleShakerTests;
			productName = StyleShakerTests;
			productReference = 51C16D801D0DC70600F8CDBA /* StyleShakerTests.xctest */;
			productType = "com.apple.product-type.bundle.unit-test";
		};
		51C16D8A1D0DC70600F8CDBA /* StyleShakerUITests */ = {
			isa = PBXNativeTarget;
			buildConfigurationList = 51C16D9A1D0DC70700F8CDBA /* Build configuration list for PBXNativeTarget "StyleShakerUITests" */;
			buildPhases = (
				51C16D871D0DC70600F8CDBA /* Sources */,
				51C16D881D0DC70600F8CDBA /* Frameworks */,
				51C16D891D0DC70600F8CDBA /* Resources */,
			);
			buildRules = (
			);
			dependencies = (
				51C16D8D1D0DC70600F8CDBA /* PBXTargetDependency */,
			);
			name = StyleShakerUITests;
			productName = StyleShakerUITests;
			productReference = 51C16D8B1D0DC70600F8CDBA /* StyleShakerUITests.xctest */;
			productType = "com.apple.product-type.bundle.ui-testing";
		};
/* End PBXNativeTarget section */

/* Begin PBXProject section */
		51C16D641D0DC70500F8CDBA /* Project object */ = {
			isa = PBXProject;
			attributes = {
				LastSwiftUpdateCheck = 0730;
				LastUpgradeCheck = 0730;
				ORGANIZATIONNAME = esgi;
				TargetAttributes = {
					51C16D6B1D0DC70500F8CDBA = {
						CreatedOnToolsVersion = 7.3.1;
					};
					51C16D7F1D0DC70600F8CDBA = {
						CreatedOnToolsVersion = 7.3.1;
						TestTargetID = 51C16D6B1D0DC70500F8CDBA;
					};
					51C16D8A1D0DC70600F8CDBA = {
						CreatedOnToolsVersion = 7.3.1;
						TestTargetID = 51C16D6B1D0DC70500F8CDBA;
					};
				};
			};
			buildConfigurationList = 51C16D671D0DC70500F8CDBA /* Build configuration list for PBXProject "StyleShaker" */;
			compatibilityVersion = "Xcode 3.2";
			developmentRegion = English;
			hasScannedForEncodings = 0;
			knownRegions = (
				en,
				Base,
			);
			mainGroup = 51C16D631D0DC70500F8CDBA;
			productRefGroup = 51C16D6D1D0DC70600F8CDBA /* Products */;
			projectDirPath = "";
			projectRoot = "";
			targets = (
				51C16D6B1D0DC70500F8CDBA /* StyleShaker */,
				51C16D7F1D0DC70600F8CDBA /* StyleShakerTests */,
				51C16D8A1D0DC70600F8CDBA /* StyleShakerUITests */,
			);
		};
/* End PBXProject section */

/* Begin PBXResourcesBuildPhase section */
		51C16D6A1D0DC70500F8CDBA /* Resources */ = {
			isa = PBXResourcesBuildPhase;
			buildActionMask = 2147483647;
			files = (
				51C16D7A1D0DC70600F8CDBA /* LaunchScreen.storyboard in Resources */,
				51C16D771D0DC70600F8CDBA /* Assets.xcassets in Resources */,
				51C16D751D0DC70600F8CDBA /* Main.storyboard in Resources */,
			);
			runOnlyForDeploymentPostprocessing = 0;
		};
		51C16D7E1D0DC70600F8CDBA /* Resources */ = {
			isa = PBXResourcesBuildPhase;
			buildActionMask = 2147483647;
			files = (
			);
			runOnlyForDeploymentPostprocessing = 0;
		};
		51C16D891D0DC70600F8CDBA /* Resources */ = {
			isa = PBXResourcesBuildPhase;
			buildActionMask = 2147483647;
			files = (
			);
			runOnlyForDeploymentPostprocessing = 0;
		};
/* End PBXResourcesBuildPhase section */

/* Begin PBXSourcesBuildPhase section */
		51C16D681D0DC70500F8CDBA /* Sources */ = {
			isa = PBXSourcesBuildPhase;
			buildActionMask = 2147483647;
			files = (
				51C16D721D0DC70600F8CDBA /* MeController.swift in Sources */,
				51491B161D0F168000E7E70D /* MoodController.swift in Sources */,
				51C16D701D0DC70600F8CDBA /* AppDelegate.swift in Sources */,
				516DD27B1D2016DB00072F7E /* ShoppingListController.swift in Sources */,
				516DD2771D200CC000072F7E /* DetailProductController.swift in Sources */,
				516DD2751D200C2F00072F7E /* ProductListController.swift in Sources */,
				516DD2791D200CED00072F7E /* AboutController.swift in Sources */,
			);
			runOnlyForDeploymentPostprocessing = 0;
		};
		51C16D7C1D0DC70600F8CDBA /* Sources */ = {
			isa = PBXSourcesBuildPhase;
			buildActionMask = 2147483647;
			files = (
				51C16D851D0DC70600F8CDBA /* StyleShakerTests.swift in Sources */,
			);
			runOnlyForDeploymentPostprocessing = 0;
		};
		51C16D871D0DC70600F8CDBA /* Sources */ = {
			isa = PBXSourcesBuildPhase;
			buildActionMask = 2147483647;
			files = (
				51C16D901D0DC70600F8CDBA /* StyleShakerUITests.swift in Sources */,
			);
			runOnlyForDeploymentPostprocessing = 0;
		};
/* End PBXSourcesBuildPhase section */

/* Begin PBXTargetDependency section */
		51C16D821D0DC70600F8CDBA /* PBXTargetDependency */ = {
			isa = PBXTargetDependency;
			target = 51C16D6B1D0DC70500F8CDBA /* StyleShaker */;
			targetProxy = 51C16D811D0DC70600F8CDBA /* PBXContainerItemProxy */;
		};
		51C16D8D1D0DC70600F8CDBA /* PBXTargetDependency */ = {
			isa = PBXTargetDependency;
			target = 51C16D6B1D0DC70500F8CDBA /* StyleShaker */;
			targetProxy = 51C16D8C1D0DC70600F8CDBA /* PBXContainerItemProxy */;
		};
/* End PBXTargetDependency section */

/* Begin PBXVariantGroup section */
		51C16D731D0DC70600F8CDBA /* Main.storyboard */ = {
			isa = PBXVariantGroup;
			children = (
				51C16D741D0DC70600F8CDBA /* Base */,
			);
			name = Main.storyboard;
			sourceTree = "<group>";
		};
		51C16D781D0DC70600F8CDBA /* LaunchScreen.storyboard */ = {
			isa = PBXVariantGroup;
			children = (
				51C16D791D0DC70600F8CDBA /* Base */,
			);
			name = LaunchScreen.storyboard;
			sourceTree = "<group>";
		};
/* End PBXVariantGroup section */

/* Begin XCBuildConfiguration section */
		51C16D921D0DC70700F8CDBA /* Debug */ = {
			isa = XCBuildConfiguration;
			buildSettings = {
				ALWAYS_SEARCH_USER_PATHS = NO;
				CLANG_ANALYZER_NONNULL = YES;
				CLANG_CXX_LANGUAGE_STANDARD = "gnu++0x";
				CLANG_CXX_LIBRARY = "libc++";
				CLANG_ENABLE_MODULES = YES;
				CLANG_ENABLE_OBJC_ARC = YES;
				CLANG_WARN_BOOL_CONVERSION = YES;
				CLANG_WARN_CONSTANT_CONVERSION = YES;
				CLANG_WARN_DIRECT_OBJC_ISA_USAGE = YES_ERROR;
				CLANG_WARN_EMPTY_BODY = YES;
				CLANG_WARN_ENUM_CONVERSION = YES;
				CLANG_WARN_INT_CONVERSION = YES;
				CLANG_WARN_OBJC_ROOT_CLASS = YES_ERROR;
				CLANG_WARN_UNREACHABLE_CODE = YES;
				CLANG_WARN__DUPLICATE_METHOD_MATCH = YES;
				"CODE_SIGN_IDENTITY[sdk=iphoneos*]" = "iPhone Developer";
				COPY_PHASE_STRIP = NO;
				DEBUG_INFORMATION_FORMAT = dwarf;
				ENABLE_STRICT_OBJC_MSGSEND = YES;
				ENABLE_TESTABILITY = YES;
				GCC_C_LANGUAGE_STANDARD = gnu99;
				GCC_DYNAMIC_NO_PIC = NO;
				GCC_NO_COMMON_BLOCKS = YES;
				GCC_OPTIMIZATION_LEVEL = 0;
				GCC_PREPROCESSOR_DEFINITIONS = (
					"DEBUG=1",
					"$(inherited)",
				);
				GCC_WARN_64_TO_32_BIT_CONVERSION = YES;
				GCC_WARN_ABOUT_RETURN_TYPE = YES_ERROR;
				GCC_WARN_UNDECLARED_SELECTOR = YES;
				GCC_WARN_UNINITIALIZED_AUTOS = YES_AGGRESSIVE;
				GCC_WARN_UNUSED_FUNCTION = YES;
				GCC_WARN_UNUSED_VARIABLE = YES;
				IPHONEOS_DEPLOYMENT_TARGET = 9.3;
				MTL_ENABLE_DEBUG_INFO = YES;
				ONLY_ACTIVE_ARCH = YES;
				SDKROOT = iphoneos;
				SWIFT_OPTIMIZATION_LEVEL = "-Onone";
				TARGETED_DEVICE_FAMILY = "1,2";
			};
			name = Debug;
		};
		51C16D931D0DC70700F8CDBA /* Release */ = {
			isa = XCBuildConfiguration;
			buildSettings = {
				ALWAYS_SEARCH_USER_PATHS = NO;
				CLANG_ANALYZER_NONNULL = YES;
				CLANG_CXX_LANGUAGE_STANDARD = "gnu++0x";
				CLANG_CXX_LIBRARY = "libc++";
				CLANG_ENABLE_MODULES = YES;
				CLANG_ENABLE_OBJC_ARC = YES;
				CLANG_WARN_BOOL_CONVERSION = YES;
				CLANG_WARN_CONSTANT_CONVERSION = YES;
				CLANG_WARN_DIRECT_OBJC_ISA_USAGE = YES_ERROR;
				CLANG_WARN_EMPTY_BODY = YES;
				CLANG_WARN_ENUM_CONVERSION = YES;
				CLANG_WARN_INT_CONVERSION = YES;
				CLANG_WARN_OBJC_ROOT_CLASS = YES_ERROR;
				CLANG_WARN_UNREACHABLE_CODE = YES;
				CLANG_WARN__DUPLICATE_METHOD_MATCH = YES;
				"CODE_SIGN_IDENTITY[sdk=iphoneos*]" = "iPhone Developer";
				COPY_PHASE_STRIP = NO;
				DEBUG_INFORMATION_FORMAT = "dwarf-with-dsym";
				ENABLE_NS_ASSERTIONS = NO;
				ENABLE_STRICT_OBJC_MSGSEND = YES;
				GCC_C_LANGUAGE_STANDARD = gnu99;
				GCC_NO_COMMON_BLOCKS = YES;
				GCC_WARN_64_TO_32_BIT_CONVERSION = YES;
				GCC_WARN_ABOUT_RETURN_TYPE = YES_ERROR;
				GCC_WARN_UNDECLARED_SELECTOR = YES;
				GCC_WARN_UNINITIALIZED_AUTOS = YES_AGGRESSIVE;
				GCC_WARN_UNUSED_FUNCTION = YES;
				GCC_WARN_UNUSED_VARIABLE = YES;
				IPHONEOS_DEPLOYMENT_TARGET = 9.3;
				MTL_ENABLE_DEBUG_INFO = NO;
				SDKROOT = iphoneos;
				TARGETED_DEVICE_FAMILY = "1,2";
				VALIDATE_PRODUCT = YES;
			};
			name = Release;
		};
		51C16D951D0DC70700F8CDBA /* Debug */ = {
			isa = XCBuildConfiguration;
			buildSettings = {
				ASSETCATALOG_COMPILER_APPICON_NAME = AppIcon;
				INFOPLIST_FILE = StyleShaker/Info.plist;
				IPHONEOS_DEPLOYMENT_TARGET = 9.1;
				LD_RUNPATH_SEARCH_PATHS = "$(inherited) @executable_path/Frameworks";
				PRODUCT_BUNDLE_IDENTIFIER = com.esgi.StyleShaker;
				PRODUCT_NAME = "$(TARGET_NAME)";
				TARGETED_DEVICE_FAMILY = 1;
			};
			name = Debug;
		};
		51C16D961D0DC70700F8CDBA /* Release */ = {
			isa = XCBuildConfiguration;
			buildSettings = {
				ASSETCATALOG_COMPILER_APPICON_NAME = AppIcon;
				INFOPLIST_FILE = StyleShaker/Info.plist;
				IPHONEOS_DEPLOYMENT_TARGET = 9.1;
				LD_RUNPATH_SEARCH_PATHS = "$(inherited) @executable_path/Frameworks";
				PRODUCT_BUNDLE_IDENTIFIER = com.esgi.StyleShaker;
				PRODUCT_NAME = "$(TARGET_NAME)";
				TARGETED_DEVICE_FAMILY = 1;
			};
			name = Release;
		};
		51C16D981D0DC70700F8CDBA /* Debug */ = {
			isa = XCBuildConfiguration;
			buildSettings = {
				BUNDLE_LOADER = "$(TEST_HOST)";
				INFOPLIST_FILE = StyleShakerTests/Info.plist;
				LD_RUNPATH_SEARCH_PATHS = "$(inherited) @executable_path/Frameworks @loader_path/Frameworks";
				PRODUCT_BUNDLE_IDENTIFIER = com.esgi.StyleShakerTests;
				PRODUCT_NAME = "$(TARGET_NAME)";
				TEST_HOST = "$(BUILT_PRODUCTS_DIR)/StyleShaker.app/StyleShaker";
			};
			name = Debug;
		};
		51C16D991D0DC70700F8CDBA /* Release */ = {
			isa = XCBuildConfiguration;
			buildSettings = {
				BUNDLE_LOADER = "$(TEST_HOST)";
				INFOPLIST_FILE = StyleShakerTests/Info.plist;
				LD_RUNPATH_SEARCH_PATHS = "$(inherited) @executable_path/Frameworks @loader_path/Frameworks";
				PRODUCT_BUNDLE_IDENTIFIER = com.esgi.StyleShakerTests;
				PRODUCT_NAME = "$(TARGET_NAME)";
				TEST_HOST = "$(BUILT_PRODUCTS_DIR)/StyleShaker.app/StyleShaker";
			};
			name = Release;
		};
		51C16D9B1D0DC70700F8CDBA /* Debug */ = {
			isa = XCBuildConfiguration;
			buildSettings = {
				INFOPLIST_FILE = StyleShakerUITests/Info.plist;
				LD_RUNPATH_SEARCH_PATHS = "$(inherited) @executable_path/Frameworks @loader_path/Frameworks";
				PRODUCT_BUNDLE_IDENTIFIER = com.esgi.StyleShakerUITests;
				PRODUCT_NAME = "$(TARGET_NAME)";
				TEST_TARGET_NAME = StyleShaker;
			};
			name = Debug;
		};
		51C16D9C1D0DC70700F8CDBA /* Release */ = {
			isa = XCBuildConfiguration;
			buildSettings = {
				INFOPLIST_FILE = StyleShakerUITests/Info.plist;
				LD_RUNPATH_SEARCH_PATHS = "$(inherited) @executable_path/Frameworks @loader_path/Frameworks";
				PRODUCT_BUNDLE_IDENTIFIER = com.esgi.StyleShakerUITests;
				PRODUCT_NAME = "$(TARGET_NAME)";
				TEST_TARGET_NAME = StyleShaker;
			};
			name = Release;
		};
/* End XCBuildConfiguration section */

/* Begin XCConfigurationList section */
		51C16D671D0DC70500F8CDBA /* Build configuration list for PBXProject "StyleShaker" */ = {
			isa = XCConfigurationList;
			buildConfigurations = (
				51C16D921D0DC70700F8CDBA /* Debug */,
				51C16D931D0DC70700F8CDBA /* Release */,
			);
			defaultConfigurationIsVisible = 0;
			defaultConfigurationName = Release;
		};
		51C16D941D0DC70700F8CDBA /* Build configuration list for PBXNativeTarget "StyleShaker" */ = {
			isa = XCConfigurationList;
			buildConfigurations = (
				51C16D951D0DC70700F8CDBA /* Debug */,
				51C16D961D0DC70700F8CDBA /* Release */,
			);
			defaultConfigurationIsVisible = 0;
			defaultConfigurationName = Release;
		};
		51C16D971D0DC70700F8CDBA /* Build configuration list for PBXNativeTarget "StyleShakerTests" */ = {
			isa = XCConfigurationList;
			buildConfigurations = (
				51C16D981D0DC70700F8CDBA /* Debug */,
				51C16D991D0DC70700F8CDBA /* Release */,
			);
			defaultConfigurationIsVisible = 0;
			defaultConfigurationName = Release;
		};
		51C16D9A1D0DC70700F8CDBA /* Build configuration list for PBXNativeTarget "StyleShakerUITests" */ = {
			isa = XCConfigurationList;
			buildConfigurations = (
				51C16D9B1D0DC70700F8CDBA /* Debug */,
				51C16D9C1D0DC70700F8CDBA /* Release */,
			);
			defaultConfigurationIsVisible = 0;
			defaultConfigurationName = Release;
		};
/* End XCConfigurationList section */
	};
	rootObject = 51C16D641D0DC70500F8CDBA /* Project object */;
}
